
Microsoft Visual Studio Solution File, Format Version 12.00
# Visual Studio Version 16
VisualStudioVersion = 16.0.30413.136
MinimumVisualStudioVersion = 10.0.40219.1
Project("{FAE04EC0-301F-11D3-BF4B-00C04F79EFBC}") = "Rubicon.PdfService", "Rubicon.PdfService\Rubicon.PdfService.csproj", "{FAA4397E-047B-47C8-B5F0-FED21D89D361}"
EndProject
Project("{FAE04EC0-301F-11D3-BF4B-00C04F79EFBC}") = "Rubicon.PdfService.Server", "Rubicon.PdfService.Server\Rubicon.PdfService.Server.csproj", "{6600B577-A311-488A-ADA7-9E754395BD73}"
EndProject
Project("{FAE04EC0-301F-11D3-BF4B-00C04F79EFBC}") = "Rubicon.PdfService.Contract", "Rubicon.PdfService.Contract\Rubicon.PdfService.Contract.csproj", "{1A098ECD-A727-458A-AFA1-B6B2444AAD88}"
EndProject
Global
	GlobalSection(SolutionConfigurationPlatforms) = preSolution
		Debug|Any CPU = Debug|Any CPU
		Release|Any CPU = Release|Any CPU
	EndGlobalSection
	GlobalSection(ProjectConfigurationPlatforms) = postSolution
		{FAA4397E-047B-47C8-B5F0-FED21D89D361}.Debug|Any CPU.ActiveCfg = Debug|Any CPU
		{FAA4397E-047B-47C8-B5F0-FED21D89D361}.Debug|Any CPU.Build.0 = Debug|Any CPU
		{FAA4397E-047B-47C8-B5F0-FED21D89D361}.Release|Any CPU.ActiveCfg = Release|Any CPU
		{FAA4397E-047B-47C8-B5F0-FED21D89D361}.Release|Any CPU.Build.0 = Release|Any CPU
		{6600B577-A311-488A-ADA7-9E754395BD73}.Debug|Any CPU.ActiveCfg = Debug|Any CPU
		{6600B577-A311-488A-ADA7-9E754395BD73}.Debug|Any CPU.Build.0 = Debug|Any CPU
		{6600B577-A311-488A-ADA7-9E754395BD73}.Release|Any CPU.ActiveCfg = Release|Any CPU
		{6600B577-A311-488A-ADA7-9E754395BD73}.Release|Any CPU.Build.0 = Release|Any CPU
		{1A098ECD-A727-458A-AFA1-B6B2444AAD88}.Debug|Any CPU.ActiveCfg = Debug|Any CPU
		{1A098ECD-A727-458A-AFA1-B6B2444AAD88}.Debug|Any CPU.Build.0 = Debug|Any CPU
		{1A098ECD-A727-458A-AFA1-B6B2444AAD88}.Release|Any CPU.ActiveCfg = Release|Any CPU
		{1A098ECD-A727-458A-AFA1-B6B2444AAD88}.Release|Any CPU.Build.0 = Release|Any CPU
	EndGlobalSection
	GlobalSection(SolutionProperties) = preSolution
		HideSolutionNode = FALSE
	EndGlobalSection
	GlobalSection(ExtensibilityGlobals) = postSolution
		SolutionGuid = {3670246D-9BF3-405F-ABD6-6FDC480AD473}
	EndGlobalSection
EndGlobal
